
Microsoft Visual Studio Solution File, Format Version 12.00
# Visual Studio Version 16
VisualStudioVersion = 16.0.33529.622
MinimumVisualStudioVersion = 10.0.40219.1
Project("{FAE04EC0-301F-11D3-BF4B-00C04F79EFBC}") = "FindeTextInImage", "FindeTextInImage\FindeTextInImage.csproj", "{199E09CE-2437-4167-8A89-2B4512F0CD9D}"
EndProject
Global
	GlobalSection(SolutionConfigurationPlatforms) = preSolution
		Debug|Any CPU = Debug|Any CPU
		Release|Any CPU = Release|Any CPU
	EndGlobalSection
	GlobalSection(ProjectConfigurationPlatforms) = postSolution
		{199E09CE-2437-4167-8A89-2B4512F0CD9D}.Debug|Any CPU.ActiveCfg = Debug|Any CPU
		{199E09CE-2437-4167-8A89-2B4512F0CD9D}.Debug|Any CPU.Build.0 = Debug|Any CPU
		{199E09CE-2437-4167-8A89-2B4512F0CD9D}.Release|Any CPU.ActiveCfg = Release|Any CPU
		{199E09CE-2437-4167-8A89-2B4512F0CD9D}.Release|Any CPU.Build.0 = Release|Any CPU
	EndGlobalSection
	GlobalSection(SolutionProperties) = preSolution
		HideSolutionNode = FALSE
	EndGlobalSection
	GlobalSection(ExtensibilityGlobals) = postSolution
		SolutionGuid = {EE6B0159-DE28-4B70-A2C8-24BF49F851C0}
	EndGlobalSection
EndGlobal
